{
  "version": 4,
  "terraform_version": "1.12.0",
  "serial": 1,
  "lineage": "b8d24c68-cfe1-81b3-0162-7259b704cfb6",
  "outputs": {},
  "resources": [
    {
      "mode": "data",
      "type": "aws_vpc",
      "name": "data-source",
      "provider": "provider[\"registry.terraform.io/hashicorp/aws\"]",
      "instances": [
        {
          "schema_version": 0,
          "attributes": {
            "arn": "arn:aws:ec2:ap-south-1:225989340431:vpc/vpc-0e68196763570ff7a",
            "cidr_block": "10.0.0.0/24",
            "cidr_block_associations": [
              {
                "association_id": "vpc-cidr-assoc-06d3782a684c7b3bc",
                "cidr_block": "10.0.0.0/24",
                "state": "associated"
              }
            ],
            "default": false,
            "dhcp_options_id": "dopt-0019f70510bb31e7d",
            "enable_dns_hostnames": false,
            "enable_dns_support": true,
            "enable_network_address_usage_metrics": false,
            "filter": null,
            "id": "vpc-0e68196763570ff7a",
            "instance_tenancy": "default",
            "ipv6_association_id": "",
            "ipv6_cidr_block": "",
            "main_route_table_id": "rtb-087de1a48ad4ca39a",
            "owner_id": "225989340431",
            "state": null,
            "tags": {
              "Name": "data-source"
            },
            "timeouts": null
          },
          "sensitive_attributes": [],
          "identity_schema_version": 0
        }
      ]
    },
    {
      "mode": "managed",
      "type": "aws_internet_gateway",
      "name": "data-source-igw",
      "provider": "provider[\"registry.terraform.io/hashicorp/aws\"]",
      "instances": [
        {
          "schema_version": 0,
          "attributes": {
            "arn": "arn:aws:ec2:ap-south-1:225989340431:internet-gateway/igw-0597ca8cac8d62bdc",
            "id": "igw-0597ca8cac8d62bdc",
            "owner_id": "225989340431",
            "tags": {
              "name": "data-source-igw"
            },
            "tags_all": {
              "name": "data-source-igw"
            },
            "timeouts": null,
            "vpc_id": "vpc-0e68196763570ff7a"
          },
          "sensitive_attributes": [],
          "identity_schema_version": 0,
          "private": "eyJlMmJmYjczMC1lY2FhLTExZTYtOGY4OC0zNDM2M2JjN2M0YzAiOnsiY3JlYXRlIjoxMjAwMDAwMDAwMDAwLCJkZWxldGUiOjEyMDAwMDAwMDAwMDAsInVwZGF0ZSI6MTIwMDAwMDAwMDAwMH19",
          "dependencies": [
            "data.aws_vpc.data-source"
          ]
        }
      ]
    }
  ],
  "check_results": null
}
